// !$*UTF8*$!
{
	archiveVersion = 1;
	classes = {
	};
	objectVersion = 50;
	objects = {

/* Begin PBXBuildFile section */
		18FAF5A525BFD01000C21ACE /* AppDelegate.swift in Sources */ = {isa = PBXBuildFile; fileRef = 18FAF5A425BFD01000C21ACE /* AppDelegate.swift */; };
		18FAF5A725BFD01000C21ACE /* SceneDelegate.swift in Sources */ = {isa = PBXBuildFile; fileRef = 18FAF5A625BFD01000C21ACE /* SceneDelegate.swift */; };
		18FAF5A925BFD01000C21ACE /* ViewController.swift in Sources */ = {isa = PBXBuildFile; fileRef = 18FAF5A825BFD01000C21ACE /* ViewController.swift */; };
		18FAF5AC25BFD01000C21ACE /* Main.storyboard in Resources */ = {isa = PBXBuildFile; fileRef = 18FAF5AA25BFD01000C21ACE /* Main.storyboard */; };
		18FAF5AE25BFD01300C21ACE /* Assets.xcassets in Resources */ = {isa = PBXBuildFile; fileRef = 18FAF5AD25BFD01300C21ACE /* Assets.xcassets */; };
		18FAF5B125BFD01300C21ACE /* LaunchScreen.storyboard in Resources */ = {isa = PBXBuildFile; fileRef = 18FAF5AF25BFD01300C21ACE /* LaunchScreen.storyboard */; };
		18FAF5BA25BFDBFF00C21ACE /* Book.swift in Sources */ = {isa = PBXBuildFile; fileRef = 18FAF5B925BFDBFF00C21ACE /* Book.swift */; };
		18FAF5BD25BFE2CC00C21ACE /* BookDetailViewController.swift in Sources */ = {isa = PBXBuildFile; fileRef = 18FAF5BC25BFE2CC00C21ACE /* BookDetailViewController.swift */; };
/* End PBXBuildFile section */

/* Begin PBXFileReference section */
		18FAF5A125BFD01000C21ACE /* Book-tracker-app.app */ = {isa = PBXFileReference; explicitFileType = wrapper.application; includeInIndex = 0; path = "Book-tracker-app.app"; sourceTree = BUILT_PRODUCTS_DIR; };
		18FAF5A425BFD01000C21ACE /* AppDelegate.swift */ = {isa = PBXFileReference; lastKnownFileType = sourcecode.swift; path = AppDelegate.swift; sourceTree = "<group>"; };
		18FAF5A625BFD01000C21ACE /* SceneDelegate.swift */ = {isa = PBXFileReference; lastKnownFileType = sourcecode.swift; path = SceneDelegate.swift; sourceTree = "<group>"; };
		18FAF5A825BFD01000C21ACE /* ViewController.swift */ = {isa = PBXFileReference; lastKnownFileType = sourcecode.swift; path = ViewController.swift; sourceTree = "<group>"; };
		18FAF5AB25BFD01000C21ACE /* Base */ = {isa = PBXFileReference; lastKnownFileType = file.storyboard; name = Base; path = Base.lproj/Main.storyboard; sourceTree = "<group>"; };
		18FAF5AD25BFD01300C21ACE /* Assets.xcassets */ = {isa = PBXFileReference; lastKnownFileType = folder.assetcatalog; path = Assets.xcassets; sourceTree = "<group>"; };
		18FAF5B025BFD01300C21ACE /* Base */ = {isa = PBXFileReference; lastKnownFileType = file.storyboard; name = Base; path = Base.lproj/LaunchScreen.storyboard; sourceTree = "<group>"; };
		18FAF5B225BFD01300C21ACE /* Info.plist */ = {isa = PBXFileReference; lastKnownFileType = text.plist.xml; path = Info.plist; sourceTree = "<group>"; };
		18FAF5B925BFDBFF00C21ACE /* Book.swift */ = {isa = PBXFileReference; lastKnownFileType = sourcecode.swift; path = Book.swift; sourceTree = "<group>"; };
		18FAF5BC25BFE2CC00C21ACE /* BookDetailViewController.swift */ = {isa = PBXFileReference; lastKnownFileType = sourcecode.swift; path = BookDetailViewController.swift; sourceTree = "<group>"; };
/* End PBXFileReference section */

/* Begin PBXFrameworksBuildPhase section */
		18FAF59E25BFD01000C21ACE /* Frameworks */ = {
			isa = PBXFrameworksBuildPhase;
			buildActionMask = 2147483647;
			files = (
			);
			runOnlyForDeploymentPostprocessing = 0;
		};
/* End PBXFrameworksBuildPhase section */

/* Begin PBXGroup section */
		18FAF59825BFD01000C21ACE = {
			isa = PBXGroup;
			children = (
				18FAF5A325BFD01000C21ACE /* Book-tracker-app */,
				18FAF5A225BFD01000C21ACE /* Products */,
			);
			sourceTree = "<group>";
		};
		18FAF5A225BFD01000C21ACE /* Products */ = {
			isa = PBXGroup;
			children = (
				18FAF5A125BFD01000C21ACE /* Book-tracker-app.app */,
			);
			name = Products;
			sourceTree = "<group>";
		};
		18FAF5A325BFD01000C21ACE /* Book-tracker-app */ = {
			isa = PBXGroup;
			children = (
				18FAF5A425BFD01000C21ACE /* AppDelegate.swift */,
				18FAF5A625BFD01000C21ACE /* SceneDelegate.swift */,
				18FAF5A825BFD01000C21ACE /* ViewController.swift */,
				18FAF5AA25BFD01000C21ACE /* Main.storyboard */,
				18FAF5AD25BFD01300C21ACE /* Assets.xcassets */,
				18FAF5AF25BFD01300C21ACE /* LaunchScreen.storyboard */,
				18FAF5B225BFD01300C21ACE /* Info.plist */,
				18FAF5B925BFDBFF00C21ACE /* Book.swift */,
				18FAF5BC25BFE2CC00C21ACE /* BookDetailViewController.swift */,
			);
			path = "Book-tracker-app";
			sourceTree = "<group>";
		};
/* End PBXGroup section */

/* Begin PBXNativeTarget section */
		18FAF5A025BFD01000C21ACE /* Book-tracker-app */ = {
			isa = PBXNativeTarget;
			buildConfigurationList = 18FAF5B525BFD01300C21ACE /* Build configuration list for PBXNativeTarget "Book-tracker-app" */;
			buildPhases = (
				18FAF59D25BFD01000C21ACE /* Sources */,
				18FAF59E25BFD01000C21ACE /* Frameworks */,
				18FAF59F25BFD01000C21ACE /* Resources */,
			);
			buildRules = (
			);
			dependencies = (
			);
			name = "Book-tracker-app";
			productName = "Book-tracker-app";
			productReference = 18FAF5A125BFD01000C21ACE /* Book-tracker-app.app */;
			productType = "com.apple.product-type.application";
		};
/* End PBXNativeTarget section */

/* Begin PBXProject section */
		18FAF59925BFD01000C21ACE /* Project object */ = {
			isa = PBXProject;
			attributes = {
				LastSwiftUpdateCheck = 1230;
				LastUpgradeCheck = 1230;
				TargetAttributes = {
					18FAF5A025BFD01000C21ACE = {
						CreatedOnToolsVersion = 12.3;
					};
				};
			};
			buildConfigurationList = 18FAF59C25BFD01000C21ACE /* Build configuration list for PBXProject "Book-tracker-app" */;
			compatibilityVersion = "Xcode 9.3";
			developmentRegion = en;
			hasScannedForEncodings = 0;
			knownRegions = (
				en,
				Base,
			);
			mainGroup = 18FAF59825BFD01000C21ACE;
			productRefGroup = 18FAF5A225BFD01000C21ACE /* Products */;
			projectDirPath = "";
			projectRoot = "";
			targets = (
				18FAF5A025BFD01000C21ACE /* Book-tracker-app */,
			);
		};
/* End PBXProject section */

/* Begin PBXResourcesBuildPhase section */
		18FAF59F25BFD01000C21ACE /* Resources */ = {
			isa = PBXResourcesBuildPhase;
			buildActionMask = 2147483647;
			files = (
				18FAF5B125BFD01300C21ACE /* LaunchScreen.storyboard in Resources */,
				18FAF5AE25BFD01300C21ACE /* Assets.xcassets in Resources */,
				18FAF5AC25BFD01000C21ACE /* Main.storyboard in Resources */,
			);
			runOnlyForDeploymentPostprocessing = 0;
		};
/* End PBXResourcesBuildPhase section */

/* Begin PBXSourcesBuildPhase section */
		18FAF59D25BFD01000C21ACE /* Sources */ = {
			isa = PBXSourcesBuildPhase;
			buildActionMask = 2147483647;
			files = (
				18FAF5BA25BFDBFF00C21ACE /* Book.swift in Sources */,
				18FAF5A925BFD01000C21ACE /* ViewController.swift in Sources */,
				18FAF5A525BFD01000C21ACE /* AppDelegate.swift in Sources */,
				18FAF5A725BFD01000C21ACE /* SceneDelegate.swift in Sources */,
				18FAF5BD25BFE2CC00C21ACE /* BookDetailViewController.swift in Sources */,
			);
			runOnlyForDeploymentPostprocessing = 0;
		};
/* End PBXSourcesBuildPhase section */

/* Begin PBXVariantGroup section */
		18FAF5AA25BFD01000C21ACE /* Main.storyboard */ = {
			isa = PBXVariantGroup;
			children = (
				18FAF5AB25BFD01000C21ACE /* Base */,
			);
			name = Main.storyboard;
			sourceTree = "<group>";
		};
		18FAF5AF25BFD01300C21ACE /* LaunchScreen.storyboard */ = {
			isa = PBXVariantGroup;
			children = (
				18FAF5B025BFD01300C21ACE /* Base */,
			);
			name = LaunchScreen.storyboard;
			sourceTree = "<group>";
		};
/* End PBXVariantGroup section */

/* Begin XCBuildConfiguration section */
		18FAF5B325BFD01300C21ACE /* Debug */ = {
			isa = XCBuildConfiguration;
			buildSettings = {
				ALWAYS_SEARCH_USER_PATHS = NO;
				CLANG_ANALYZER_NONNULL = YES;
				CLANG_ANALYZER_NUMBER_OBJECT_CONVERSION = YES_AGGRESSIVE;
				CLANG_CXX_LANGUAGE_STANDARD = "gnu++14";
				CLANG_CXX_LIBRARY = "libc++";
				CLANG_ENABLE_MODULES = YES;
				CLANG_ENABLE_OBJC_ARC = YES;
				CLANG_ENABLE_OBJC_WEAK = YES;
				CLANG_WARN_BLOCK_CAPTURE_AUTORELEASING = YES;
				CLANG_WARN_BOOL_CONVERSION = YES;
				CLANG_WARN_COMMA = YES;
				CLANG_WARN_CONSTANT_CONVERSION = YES;
				CLANG_WARN_DEPRECATED_OBJC_IMPLEMENTATIONS = YES;
				CLANG_WARN_DIRECT_OBJC_ISA_USAGE = YES_ERROR;
				CLANG_WARN_DOCUMENTATION_COMMENTS = YES;
				CLANG_WARN_EMPTY_BODY = YES;
				CLANG_WARN_ENUM_CONVERSION = YES;
				CLANG_WARN_INFINITE_RECURSION = YES;
				CLANG_WARN_INT_CONVERSION = YES;
				CLANG_WARN_NON_LITERAL_NULL_CONVERSION = YES;
				CLANG_WARN_OBJC_IMPLICIT_RETAIN_SELF = YES;
				CLANG_WARN_OBJC_LITERAL_CONVERSION = YES;
				CLANG_WARN_OBJC_ROOT_CLASS = YES_ERROR;
				CLANG_WARN_QUOTED_INCLUDE_IN_FRAMEWORK_HEADER = YES;
				CLANG_WARN_RANGE_LOOP_ANALYSIS = YES;
				CLANG_WARN_STRICT_PROTOTYPES = YES;
				CLANG_WARN_SUSPICIOUS_MOVE = YES;
				CLANG_WARN_UNGUARDED_AVAILABILITY = YES_AGGRESSIVE;
				CLANG_WARN_UNREACHABLE_CODE = YES;
				CLANG_WARN__DUPLICATE_METHOD_MATCH = YES;
				COPY_PHASE_STRIP = NO;
				DEBUG_INFORMATION_FORMAT = dwarf;
				ENABLE_STRICT_OBJC_MSGSEND = YES;
				ENABLE_TESTABILITY = YES;
				GCC_C_LANGUAGE_STANDARD = gnu11;
				GCC_DYNAMIC_NO_PIC = NO;
				GCC_NO_COMMON_BLOCKS = YES;
				GCC_OPTIMIZATION_LEVEL = 0;
				GCC_PREPROCESSOR_DEFINITIONS = (
					"DEBUG=1",
					"$(inherited)",
				);
				GCC_WARN_64_TO_32_BIT_CONVERSION = YES;
				GCC_WARN_ABOUT_RETURN_TYPE = YES_ERROR;
				GCC_WARN_UNDECLARED_SELECTOR = YES;
				GCC_WARN_UNINITIALIZED_AUTOS = YES_AGGRESSIVE;
				GCC_WARN_UNUSED_FUNCTION = YES;
				GCC_WARN_UNUSED_VARIABLE = YES;
				IPHONEOS_DEPLOYMENT_TARGET = 14.3;
				MTL_ENABLE_DEBUG_INFO = INCLUDE_SOURCE;
				MTL_FAST_MATH = YES;
				ONLY_ACTIVE_ARCH = YES;
				SDKROOT = iphoneos;
				SWIFT_ACTIVE_COMPILATION_CONDITIONS = DEBUG;
				SWIFT_OPTIMIZATION_LEVEL = "-Onone";
			};
			name = Debug;
		};
		18FAF5B425BFD01300C21ACE /* Release */ = {
			isa = XCBuildConfiguration;
			buildSettings = {
				ALWAYS_SEARCH_USER_PATHS = NO;
				CLANG_ANALYZER_NONNULL = YES;
				CLANG_ANALYZER_NUMBER_OBJECT_CONVERSION = YES_AGGRESSIVE;
				CLANG_CXX_LANGUAGE_STANDARD = "gnu++14";
				CLANG_CXX_LIBRARY = "libc++";
				CLANG_ENABLE_MODULES = YES;
				CLANG_ENABLE_OBJC_ARC = YES;
				CLANG_ENABLE_OBJC_WEAK = YES;
				CLANG_WARN_BLOCK_CAPTURE_AUTORELEASING = YES;
				CLANG_WARN_BOOL_CONVERSION = YES;
				CLANG_WARN_COMMA = YES;
				CLANG_WARN_CONSTANT_CONVERSION = YES;
				CLANG_WARN_DEPRECATED_OBJC_IMPLEMENTATIONS = YES;
				CLANG_WARN_DIRECT_OBJC_ISA_USAGE = YES_ERROR;
				CLANG_WARN_DOCUMENTATION_COMMENTS = YES;
				CLANG_WARN_EMPTY_BODY = YES;
				CLANG_WARN_ENUM_CONVERSION = YES;
				CLANG_WARN_INFINITE_RECURSION = YES;
				CLANG_WARN_INT_CONVERSION = YES;
				CLANG_WARN_NON_LITERAL_NULL_CONVERSION = YES;
				CLANG_WARN_OBJC_IMPLICIT_RETAIN_SELF = YES;
				CLANG_WARN_OBJC_LITERAL_CONVERSION = YES;
				CLANG_WARN_OBJC_ROOT_CLASS = YES_ERROR;
				CLANG_WARN_QUOTED_INCLUDE_IN_FRAMEWORK_HEADER = YES;
				CLANG_WARN_RANGE_LOOP_ANALYSIS = YES;
				CLANG_WARN_STRICT_PROTOTYPES = YES;
				CLANG_WARN_SUSPICIOUS_MOVE = YES;
				CLANG_WARN_UNGUARDED_AVAILABILITY = YES_AGGRESSIVE;
				CLANG_WARN_UNREACHABLE_CODE = YES;
				CLANG_WARN__DUPLICATE_METHOD_MATCH = YES;
				COPY_PHASE_STRIP = NO;
				DEBUG_INFORMATION_FORMAT = "dwarf-with-dsym";
				ENABLE_NS_ASSERTIONS = NO;
				ENABLE_STRICT_OBJC_MSGSEND = YES;
				GCC_C_LANGUAGE_STANDARD = gnu11;
				GCC_NO_COMMON_BLOCKS = YES;
				GCC_WARN_64_TO_32_BIT_CONVERSION = YES;
				GCC_WARN_ABOUT_RETURN_TYPE = YES_ERROR;
				GCC_WARN_UNDECLARED_SELECTOR = YES;
				GCC_WARN_UNINITIALIZED_AUTOS = YES_AGGRESSIVE;
				GCC_WARN_UNUSED_FUNCTION = YES;
				GCC_WARN_UNUSED_VARIABLE = YES;
				IPHONEOS_DEPLOYMENT_TARGET = 14.3;
				MTL_ENABLE_DEBUG_INFO = NO;
				MTL_FAST_MATH = YES;
				SDKROOT = iphoneos;
				SWIFT_COMPILATION_MODE = wholemodule;
				SWIFT_OPTIMIZATION_LEVEL = "-O";
				VALIDATE_PRODUCT = YES;
			};
			name = Release;
		};
		18FAF5B625BFD01300C21ACE /* Debug */ = {
			isa = XCBuildConfiguration;
			buildSettings = {
				ASSETCATALOG_COMPILER_APPICON_NAME = AppIcon;
				ASSETCATALOG_COMPILER_GLOBAL_ACCENT_COLOR_NAME = AccentColor;
				CODE_SIGN_STYLE = Automatic;
				INFOPLIST_FILE = "Book-tracker-app/Info.plist";
				LD_RUNPATH_SEARCH_PATHS = (
					"$(inherited)",
					"@executable_path/Frameworks",
				);
				PRODUCT_BUNDLE_IDENTIFIER = "Moon.Book-tracker-app";
				PRODUCT_NAME = "$(TARGET_NAME)";
				SWIFT_VERSION = 5.0;
				TARGETED_DEVICE_FAMILY = "1,2";
			};
			name = Debug;
		};
		18FAF5B725BFD01300C21ACE /* Release */ = {
			isa = XCBuildConfiguration;
			buildSettings = {
				ASSETCATALOG_COMPILER_APPICON_NAME = AppIcon;
				ASSETCATALOG_COMPILER_GLOBAL_ACCENT_COLOR_NAME = AccentColor;
				CODE_SIGN_STYLE = Automatic;
				INFOPLIST_FILE = "Book-tracker-app/Info.plist";
				LD_RUNPATH_SEARCH_PATHS = (
					"$(inherited)",
					"@executable_path/Frameworks",
				);
				PRODUCT_BUNDLE_IDENTIFIER = "Moon.Book-tracker-app";
				PRODUCT_NAME = "$(TARGET_NAME)";
				SWIFT_VERSION = 5.0;
				TARGETED_DEVICE_FAMILY = "1,2";
			};
			name = Release;
		};
/* End XCBuildConfiguration section */

/* Begin XCConfigurationList section */
		18FAF59C25BFD01000C21ACE /* Build configuration list for PBXProject "Book-tracker-app" */ = {
			isa = XCConfigurationList;
			buildConfigurations = (
				18FAF5B325BFD01300C21ACE /* Debug */,
				18FAF5B425BFD01300C21ACE /* Release */,
			);
			defaultConfigurationIsVisible = 0;
			defaultConfigurationName = Release;
		};
		18FAF5B525BFD01300C21ACE /* Build configuration list for PBXNativeTarget "Book-tracker-app" */ = {
			isa = XCConfigurationList;
			buildConfigurations = (
				18FAF5B625BFD01300C21ACE /* Debug */,
				18FAF5B725BFD01300C21ACE /* Release */,
			);
			defaultConfigurationIsVisible = 0;
			defaultConfigurationName = Release;
		};
/* End XCConfigurationList section */
	};
	rootObject = 18FAF59925BFD01000C21ACE /* Project object */;
}
